{
  "name": "test",
  "lockfileVersion": 3,
  "requires": true,
  "packages": {
    "": {
      "dependencies": {
        "mupdf": "^1.26.2"
      }
    },
    "node_modules/mupdf": {
      "version": "1.26.4",
      "resolved": "https://registry.npmjs.org/mupdf/-/mupdf-1.26.4.tgz",
      "integrity": "sha512-lv+0KCowetjXu/80h1WKDsELnvHvt7zAE4cs3TC92gwbbJk8AJifMpPLRHMWFovvsWXdFZ6KKCGRds3EzA9TlQ==",
      "license": "AGPL-3.0-or-later"
    }
  }
}
